// !$*UTF8*$!
{
	archiveVersion = 1;
	classes = {
	};
	objectVersion = 55;
	objects = {

/* Begin PBXBuildFile section */
		4D598B802CC8037E0061802B /* libsqlite3.tbd in Frameworks */ = {isa = PBXBuildFile; fileRef = 4D598B7F2CC8037E0061802B /* libsqlite3.tbd */; };
		4D6D2AA12CD0C9550077B49D /* UserModel.swift in Sources */ = {isa = PBXBuildFile; fileRef = 4D6D2AA02CD0C9550077B49D /* UserModel.swift */; };
		4D6D2AA92CD0C99C0077B49D /* LibraryView.swift in Sources */ = {isa = PBXBuildFile; fileRef = 4D6D2AA82CD0C99C0077B49D /* LibraryView.swift */; };
		4D6D2AAF2CD0CA3D0077B49D /* DateHelper.swift in Sources */ = {isa = PBXBuildFile; fileRef = 4D6D2AAE2CD0CA3D0077B49D /* DateHelper.swift */; };
		4D6D2AB12CD0CA560077B49D /* Color+Extensions.swift in Sources */ = {isa = PBXBuildFile; fileRef = 4D6D2AB02CD0CA560077B49D /* Color+Extensions.swift */; };
		4D6D2AB52CD0CC3C0077B49D /* AppState.swift in Sources */ = {isa = PBXBuildFile; fileRef = 4D6D2AB42CD0CC3C0077B49D /* AppState.swift */; };
		4D6D2AB72CD0CC8D0077B49D /* StartPageView.swift in Sources */ = {isa = PBXBuildFile; fileRef = 4D6D2AB62CD0CC8D0077B49D /* StartPageView.swift */; };
		4D6D2AB92CD0CCB50077B49D /* LoginOrSignUpView.swift in Sources */ = {isa = PBXBuildFile; fileRef = 4D6D2AB82CD0CCB50077B49D /* LoginOrSignUpView.swift */; };
		4D6D2AC12CD0E07F0077B49D /* ReadingGoalsView.swift in Sources */ = {isa = PBXBuildFile; fileRef = 4D6D2AC02CD0E07F0077B49D /* ReadingGoalsView.swift */; };
		4D6D2AC32CD0EA2C0077B49D /* BookDetailView.swift in Sources */ = {isa = PBXBuildFile; fileRef = 4D6D2AC22CD0EA2C0077B49D /* BookDetailView.swift */; };
		4D6D2AC92CD136700077B49D /* FileManager.swift in Sources */ = {isa = PBXBuildFile; fileRef = 4D6D2AC82CD136700077B49D /* FileManager.swift */; };
		4D6D2ACD2CD14A450077B49D /* DocumentPicker.swift in Sources */ = {isa = PBXBuildFile; fileRef = 4D6D2ACC2CD14A450077B49D /* DocumentPicker.swift */; };
		4D6D2AD12CD15FE90077B49D /* BookModel.swift in Sources */ = {isa = PBXBuildFile; fileRef = 4D6D2AD02CD15FE90077B49D /* BookModel.swift */; };
		4D6D2AD32CD162B60077B49D /* PDFviewer.swift in Sources */ = {isa = PBXBuildFile; fileRef = 4D6D2AD22CD162B60077B49D /* PDFviewer.swift */; };
		4D6D2AD52CD1672B0077B49D /* FilePicker.swift in Sources */ = {isa = PBXBuildFile; fileRef = 4D6D2AD42CD1672B0077B49D /* FilePicker.swift */; };
		4D6F04222CD16DD5009BEFB9 /* BookDetailView.swift in Sources */ = {isa = PBXBuildFile; fileRef = 4D6D2AC22CD0EA2C0077B49D /* BookDetailView.swift */; };
		4D6F04232CD16DD6009BEFB9 /* BookDetailView.swift in Sources */ = {isa = PBXBuildFile; fileRef = 4D6D2AC22CD0EA2C0077B49D /* BookDetailView.swift */; };
		4D7400CD2CD23360001F44F4 /* BookDetailViewModel.swift in Sources */ = {isa = PBXBuildFile; fileRef = 4D7400CC2CD23360001F44F4 /* BookDetailViewModel.swift */; };
		4D7400D42CD23751001F44F4 /* ChatView.swift in Sources */ = {isa = PBXBuildFile; fileRef = 4D7400D32CD23751001F44F4 /* ChatView.swift */; };
		4D75E90F2CC80A7A002D0FEE /* po_deluUITests.swift in Sources */ = {isa = PBXBuildFile; fileRef = 4D75E90E2CC80A7A002D0FEE /* po_deluUITests.swift */; };
		4D75E9112CC80A7A002D0FEE /* po_deluUITestsLaunchTests.swift in Sources */ = {isa = PBXBuildFile; fileRef = 4D75E9102CC80A7A002D0FEE /* po_deluUITestsLaunchTests.swift */; };
		4D7E13B92CC7D7DF003A96AD /* Tests_iOS.swift in Sources */ = {isa = PBXBuildFile; fileRef = 4D7E13B82CC7D7DF003A96AD /* Tests_iOS.swift */; };
		4D7E13BB2CC7D7DF003A96AD /* Tests_iOSLaunchTests.swift in Sources */ = {isa = PBXBuildFile; fileRef = 4D7E13BA2CC7D7DF003A96AD /* Tests_iOSLaunchTests.swift */; };
		4D7E13C82CC7D7DF003A96AD /* po_deluApp.swift in Sources */ = {isa = PBXBuildFile; fileRef = 4D7E13A02CC7D7DC003A96AD /* po_deluApp.swift */; };
		4DB5C0E02CCFFCA200A7F855 /* po_deluApp.swift in Sources */ = {isa = PBXBuildFile; fileRef = 4D7E13A02CC7D7DC003A96AD /* po_deluApp.swift */; };
		4DB5C0E12CCFFCA200A7F855 /* po_deluApp.swift in Sources */ = {isa = PBXBuildFile; fileRef = 4D7E13A02CC7D7DC003A96AD /* po_deluApp.swift */; };
		4DB5C0E32CCFFD0300A7F855 /* ContentView.swift in Sources */ = {isa = PBXBuildFile; fileRef = 4DB5C0E22CCFFD0300A7F855 /* ContentView.swift */; };
		4DB5C0E42CCFFD0300A7F855 /* ContentView.swift in Sources */ = {isa = PBXBuildFile; fileRef = 4DB5C0E22CCFFD0300A7F855 /* ContentView.swift */; };
		4DB5C0E52CCFFD0300A7F855 /* ContentView.swift in Sources */ = {isa = PBXBuildFile; fileRef = 4DB5C0E22CCFFD0300A7F855 /* ContentView.swift */; };
/* End PBXBuildFile section */

/* Begin PBXContainerItemProxy section */
		4D75E9122CC80A7A002D0FEE /* PBXContainerItemProxy */ = {
			isa = PBXContainerItemProxy;
			containerPortal = 4D7E139B2CC7D7DB003A96AD /* Project object */;
			proxyType = 1;
			remoteGlobalIDString = 4D7E13A62CC7D7DF003A96AD;
			remoteInfo = "po delu (iOS)";
		};
		4D7E13B52CC7D7DF003A96AD /* PBXContainerItemProxy */ = {
			isa = PBXContainerItemProxy;
			containerPortal = 4D7E139B2CC7D7DB003A96AD /* Project object */;
			proxyType = 1;
			remoteGlobalIDString = 4D7E13A62CC7D7DF003A96AD;
			remoteInfo = "po delu (iOS)";
		};
/* End PBXContainerItemProxy section */

/* Begin PBXFileReference section */
		4D598B7F2CC8037E0061802B /* libsqlite3.tbd */ = {isa = PBXFileReference; lastKnownFileType = "sourcecode.text-based-dylib-definition"; name = libsqlite3.tbd; path = Platforms/iPhoneOS.platform/Developer/SDKs/iPhoneOS15.2.sdk/usr/lib/libsqlite3.tbd; sourceTree = DEVELOPER_DIR; };
		4D598B842CC805EB0061802B /* libsqlite3.tbd */ = {isa = PBXFileReference; lastKnownFileType = "sourcecode.text-based-dylib-definition"; name = libsqlite3.tbd; path = usr/lib/libsqlite3.tbd; sourceTree = SDKROOT; };
		4D6D2AA02CD0C9550077B49D /* UserModel.swift */ = {isa = PBXFileReference; lastKnownFileType = sourcecode.swift; path = UserModel.swift; sourceTree = "<group>"; };
		4D6D2AA82CD0C99C0077B49D /* LibraryView.swift */ = {isa = PBXFileReference; lastKnownFileType = sourcecode.swift; path = LibraryView.swift; sourceTree = "<group>"; };
		4D6D2AAE2CD0CA3D0077B49D /* DateHelper.swift */ = {isa = PBXFileReference; lastKnownFileType = sourcecode.swift; path = DateHelper.swift; sourceTree = "<group>"; };
		4D6D2AB02CD0CA560077B49D /* Color+Extensions.swift */ = {isa = PBXFileReference; lastKnownFileType = sourcecode.swift; path = "Color+Extensions.swift"; sourceTree = "<group>"; };
		4D6D2AB42CD0CC3C0077B49D /* AppState.swift */ = {isa = PBXFileReference; lastKnownFileType = sourcecode.swift; path = AppState.swift; sourceTree = "<group>"; };
		4D6D2AB62CD0CC8D0077B49D /* StartPageView.swift */ = {isa = PBXFileReference; lastKnownFileType = sourcecode.swift; path = StartPageView.swift; sourceTree = "<group>"; };
		4D6D2AB82CD0CCB50077B49D /* LoginOrSignUpView.swift */ = {isa = PBXFileReference; lastKnownFileType = sourcecode.swift; path = LoginOrSignUpView.swift; sourceTree = "<group>"; };
		4D6D2AC02CD0E07F0077B49D /* ReadingGoalsView.swift */ = {isa = PBXFileReference; lastKnownFileType = sourcecode.swift; path = ReadingGoalsView.swift; sourceTree = "<group>"; };
		4D6D2AC22CD0EA2C0077B49D /* BookDetailView.swift */ = {isa = PBXFileReference; lastKnownFileType = sourcecode.swift; path = BookDetailView.swift; sourceTree = "<group>"; };
		4D6D2AC82CD136700077B49D /* FileManager.swift */ = {isa = PBXFileReference; lastKnownFileType = sourcecode.swift; path = FileManager.swift; sourceTree = "<group>"; };
		4D6D2ACC2CD14A450077B49D /* DocumentPicker.swift */ = {isa = PBXFileReference; lastKnownFileType = sourcecode.swift; path = DocumentPicker.swift; sourceTree = "<group>"; };
		4D6D2AD02CD15FE90077B49D /* BookModel.swift */ = {isa = PBXFileReference; lastKnownFileType = sourcecode.swift; path = BookModel.swift; sourceTree = "<group>"; };
		4D6D2AD22CD162B60077B49D /* PDFviewer.swift */ = {isa = PBXFileReference; lastKnownFileType = sourcecode.swift; path = PDFviewer.swift; sourceTree = "<group>"; };
		4D6D2AD42CD1672B0077B49D /* FilePicker.swift */ = {isa = PBXFileReference; lastKnownFileType = sourcecode.swift; path = FilePicker.swift; sourceTree = "<group>"; };
		4D7400CC2CD23360001F44F4 /* BookDetailViewModel.swift */ = {isa = PBXFileReference; lastKnownFileType = sourcecode.swift; path = BookDetailViewModel.swift; sourceTree = "<group>"; };
		4D7400CF2CD234F3001F44F4 /* AEXML-master */ = {isa = PBXFileReference; lastKnownFileType = wrapper; name = "AEXML-master"; path = "../../../Downloads/AEXML-master"; sourceTree = "<group>"; };
		4D7400D12CD2350E001F44F4 /* EPUBKit-main */ = {isa = PBXFileReference; lastKnownFileType = wrapper; name = "EPUBKit-main"; path = "../../../Downloads/EPUBKit-main"; sourceTree = "<group>"; };
		4D7400D22CD23528001F44F4 /* Zip-master */ = {isa = PBXFileReference; lastKnownFileType = wrapper; name = "Zip-master"; path = "../../../Downloads/Zip-master"; sourceTree = "<group>"; };
		4D7400D32CD23751001F44F4 /* ChatView.swift */ = {isa = PBXFileReference; lastKnownFileType = sourcecode.swift; path = ChatView.swift; sourceTree = "<group>"; };
		4D75E90C2CC80A7A002D0FEE /* po deluUITests.xctest */ = {isa = PBXFileReference; explicitFileType = wrapper.cfbundle; includeInIndex = 0; path = "po deluUITests.xctest"; sourceTree = BUILT_PRODUCTS_DIR; };
		4D75E90E2CC80A7A002D0FEE /* po_deluUITests.swift */ = {isa = PBXFileReference; lastKnownFileType = sourcecode.swift; path = po_deluUITests.swift; sourceTree = "<group>"; };
		4D75E9102CC80A7A002D0FEE /* po_deluUITestsLaunchTests.swift */ = {isa = PBXFileReference; lastKnownFileType = sourcecode.swift; path = po_deluUITestsLaunchTests.swift; sourceTree = "<group>"; };
		4D7E13A02CC7D7DC003A96AD /* po_deluApp.swift */ = {isa = PBXFileReference; lastKnownFileType = sourcecode.swift; path = po_deluApp.swift; sourceTree = "<group>"; };
		4D7E13A72CC7D7DF003A96AD /* po delu.app */ = {isa = PBXFileReference; explicitFileType = wrapper.application; includeInIndex = 0; path = "po delu.app"; sourceTree = BUILT_PRODUCTS_DIR; };
		4D7E13AF2CC7D7DF003A96AD /* macOS.entitlements */ = {isa = PBXFileReference; lastKnownFileType = text.plist.entitlements; path = macOS.entitlements; sourceTree = "<group>"; };
		4D7E13B42CC7D7DF003A96AD /* Tests iOS.xctest */ = {isa = PBXFileReference; explicitFileType = wrapper.cfbundle; includeInIndex = 0; path = "Tests iOS.xctest"; sourceTree = BUILT_PRODUCTS_DIR; };
		4D7E13B82CC7D7DF003A96AD /* Tests_iOS.swift */ = {isa = PBXFileReference; lastKnownFileType = sourcecode.swift; path = Tests_iOS.swift; sourceTree = "<group>"; };
		4D7E13BA2CC7D7DF003A96AD /* Tests_iOSLaunchTests.swift */ = {isa = PBXFileReference; lastKnownFileType = sourcecode.swift; path = Tests_iOSLaunchTests.swift; sourceTree = "<group>"; };
		4DB5C0E22CCFFD0300A7F855 /* ContentView.swift */ = {isa = PBXFileReference; lastKnownFileType = sourcecode.swift; path = ContentView.swift; sourceTree = "<group>"; };
/* End PBXFileReference section */

/* Begin PBXFrameworksBuildPhase section */
		4D75E9092CC80A7A002D0FEE /* Frameworks */ = {
			isa = PBXFrameworksBuildPhase;
			buildActionMask = 2147483647;
			files = (
			);
			runOnlyForDeploymentPostprocessing = 0;
		};
		4D7E13A42CC7D7DF003A96AD /* Frameworks */ = {
			isa = PBXFrameworksBuildPhase;
			buildActionMask = 2147483647;
			files = (
				4D598B802CC8037E0061802B /* libsqlite3.tbd in Frameworks */,
			);
			runOnlyForDeploymentPostprocessing = 0;
		};
		4D7E13B12CC7D7DF003A96AD /* Frameworks */ = {
			isa = PBXFrameworksBuildPhase;
			buildActionMask = 2147483647;
			files = (
			);
			runOnlyForDeploymentPostprocessing = 0;
		};
/* End PBXFrameworksBuildPhase section */

/* Begin PBXGroup section */
		4D598B7E2CC8037E0061802B /* Frameworks */ = {
			isa = PBXGroup;
			children = (
				4D598B842CC805EB0061802B /* libsqlite3.tbd */,
				4D598B7F2CC8037E0061802B /* libsqlite3.tbd */,
			);
			name = Frameworks;
			sourceTree = "<group>";
		};
		4D6D2A8F2CD0C86A0077B49D /* Core */ = {
			isa = PBXGroup;
			children = (
				4D6D2ACC2CD14A450077B49D /* DocumentPicker.swift */,
				4D6D2AC82CD136700077B49D /* FileManager.swift */,
				4D6D2AB42CD0CC3C0077B49D /* AppState.swift */,
			);
			path = Core;
			sourceTree = "<group>";
		};
		4D6D2A902CD0C8780077B49D /* Models */ = {
			isa = PBXGroup;
			children = (
				4D6D2AA02CD0C9550077B49D /* UserModel.swift */,
				4D6D2AD02CD15FE90077B49D /* BookModel.swift */,
				4D7400CC2CD23360001F44F4 /* BookDetailViewModel.swift */,
			);
			path = Models;
			sourceTree = "<group>";
		};
		4D6D2A912CD0C8820077B49D /* Views */ = {
			isa = PBXGroup;
			children = (
				4D6D2A942CD0C8980077B49D /* Reading */,
				4D6D2A932CD0C8910077B49D /* Library */,
				4D6D2AB62CD0CC8D0077B49D /* StartPageView.swift */,
				4D6D2AB82CD0CCB50077B49D /* LoginOrSignUpView.swift */,
				4D7400D32CD23751001F44F4 /* ChatView.swift */,
			);
			path = Views;
			sourceTree = "<group>";
		};
		4D6D2A932CD0C8910077B49D /* Library */ = {
			isa = PBXGroup;
			children = (
				4D6D2AA82CD0C99C0077B49D /* LibraryView.swift */,
			);
			path = Library;
			sourceTree = "<group>";
		};
		4D6D2A942CD0C8980077B49D /* Reading */ = {
			isa = PBXGroup;
			children = (
				4D6D2AC02CD0E07F0077B49D /* ReadingGoalsView.swift */,
				4D6D2AC22CD0EA2C0077B49D /* BookDetailView.swift */,
			);
			path = Reading;
			sourceTree = "<group>";
		};
		4D6D2A9A2CD0C8C90077B49D /* Helpers */ = {
			isa = PBXGroup;
			children = (
				4D6D2AAE2CD0CA3D0077B49D /* DateHelper.swift */,
				4D6D2AD22CD162B60077B49D /* PDFviewer.swift */,
				4D6D2AD42CD1672B0077B49D /* FilePicker.swift */,
			);
			path = Helpers;
			sourceTree = "<group>";
		};
		4D6D2A9B2CD0C8CF0077B49D /* Extensions */ = {
			isa = PBXGroup;
			children = (
				4D6D2AB02CD0CA560077B49D /* Color+Extensions.swift */,
			);
			path = Extensions;
			sourceTree = "<group>";
		};
		4D7400CE2CD234F3001F44F4 /* Packages */ = {
			isa = PBXGroup;
			children = (
				4D7400CF2CD234F3001F44F4 /* AEXML-master */,
				4D7400D12CD2350E001F44F4 /* EPUBKit-main */,
				4D7400D22CD23528001F44F4 /* Zip-master */,
			);
			name = Packages;
			sourceTree = "<group>";
		};
		4D75E90D2CC80A7A002D0FEE /* po deluUITests */ = {
			isa = PBXGroup;
			children = (
				4D75E90E2CC80A7A002D0FEE /* po_deluUITests.swift */,
				4D75E9102CC80A7A002D0FEE /* po_deluUITestsLaunchTests.swift */,
			);
			path = "po deluUITests";
			sourceTree = "<group>";
		};
		4D7E139A2CC7D7DB003A96AD = {
			isa = PBXGroup;
			children = (
				4D7400CE2CD234F3001F44F4 /* Packages */,
				4D6D2A9B2CD0C8CF0077B49D /* Extensions */,
				4D6D2A9A2CD0C8C90077B49D /* Helpers */,
				4D6D2A912CD0C8820077B49D /* Views */,
				4D6D2A902CD0C8780077B49D /* Models */,
				4D6D2A8F2CD0C86A0077B49D /* Core */,
				4D7E139F2CC7D7DC003A96AD /* Shared */,
				4D598B7E2CC8037E0061802B /* Frameworks */,
				4D7E13AE2CC7D7DF003A96AD /* macOS */,
				4D75E90D2CC80A7A002D0FEE /* po deluUITests */,
				4D7E13A82CC7D7DF003A96AD /* Products */,
				4D7E13B72CC7D7DF003A96AD /* Tests iOS */,
			);
			sourceTree = "<group>";
		};
		4D7E139F2CC7D7DC003A96AD /* Shared */ = {
			isa = PBXGroup;
			children = (
				4D7E13A02CC7D7DC003A96AD /* po_deluApp.swift */,
				4DB5C0E22CCFFD0300A7F855 /* ContentView.swift */,
			);
			path = Shared;
			sourceTree = "<group>";
		};
		4D7E13A82CC7D7DF003A96AD /* Products */ = {
			isa = PBXGroup;
			children = (
				4D7E13A72CC7D7DF003A96AD /* po delu.app */,
				4D7E13B42CC7D7DF003A96AD /* Tests iOS.xctest */,
				4D75E90C2CC80A7A002D0FEE /* po deluUITests.xctest */,
			);
			name = Products;
			sourceTree = "<group>";
		};
		4D7E13AE2CC7D7DF003A96AD /* macOS */ = {
			isa = PBXGroup;
			children = (
				4D7E13AF2CC7D7DF003A96AD /* macOS.entitlements */,
			);
			path = macOS;
			sourceTree = "<group>";
		};
		4D7E13B72CC7D7DF003A96AD /* Tests iOS */ = {
			isa = PBXGroup;
			children = (
				4D7E13B82CC7D7DF003A96AD /* Tests_iOS.swift */,
				4D7E13BA2CC7D7DF003A96AD /* Tests_iOSLaunchTests.swift */,
			);
			path = "Tests iOS";
			sourceTree = "<group>";
		};
/* End PBXGroup section */

/* Begin PBXNativeTarget section */
		4D75E90B2CC80A7A002D0FEE /* po deluUITests */ = {
			isa = PBXNativeTarget;
			buildConfigurationList = 4D75E9142CC80A7A002D0FEE /* Build configuration list for PBXNativeTarget "po deluUITests" */;
			buildPhases = (
				4D75E9082CC80A7A002D0FEE /* Sources */,
				4D75E9092CC80A7A002D0FEE /* Frameworks */,
				4D75E90A2CC80A7A002D0FEE /* Resources */,
			);
			buildRules = (
			);
			dependencies = (
				4D75E9132CC80A7A002D0FEE /* PBXTargetDependency */,
			);
			name = "po deluUITests";
			productName = "po deluUITests";
			productReference = 4D75E90C2CC80A7A002D0FEE /* po deluUITests.xctest */;
			productType = "com.apple.product-type.bundle.ui-testing";
		};
		4D7E13A62CC7D7DF003A96AD /* po delu (iOS) */ = {
			isa = PBXNativeTarget;
			buildConfigurationList = 4D7E13D02CC7D7DF003A96AD /* Build configuration list for PBXNativeTarget "po delu (iOS)" */;
			buildPhases = (
				4D7E13A32CC7D7DF003A96AD /* Sources */,
				4D7E13A42CC7D7DF003A96AD /* Frameworks */,
				4D7E13A52CC7D7DF003A96AD /* Resources */,
			);
			buildRules = (
			);
			dependencies = (
			);
			name = "po delu (iOS)";
			productName = "po delu (iOS)";
			productReference = 4D7E13A72CC7D7DF003A96AD /* po delu.app */;
			productType = "com.apple.product-type.application";
		};
		4D7E13B32CC7D7DF003A96AD /* Tests iOS */ = {
			isa = PBXNativeTarget;
			buildConfigurationList = 4D7E13D62CC7D7DF003A96AD /* Build configuration list for PBXNativeTarget "Tests iOS" */;
			buildPhases = (
				4D7E13B02CC7D7DF003A96AD /* Sources */,
				4D7E13B12CC7D7DF003A96AD /* Frameworks */,
				4D7E13B22CC7D7DF003A96AD /* Resources */,
			);
			buildRules = (
			);
			dependencies = (
				4D7E13B62CC7D7DF003A96AD /* PBXTargetDependency */,
			);
			name = "Tests iOS";
			productName = "Tests iOS";
			productReference = 4D7E13B42CC7D7DF003A96AD /* Tests iOS.xctest */;
			productType = "com.apple.product-type.bundle.ui-testing";
		};
/* End PBXNativeTarget section */

/* Begin PBXProject section */
		4D7E139B2CC7D7DB003A96AD /* Project object */ = {
			isa = PBXProject;
			attributes = {
				BuildIndependentTargetsInParallel = 1;
				LastSwiftUpdateCheck = 1320;
				LastUpgradeCheck = 1320;
				TargetAttributes = {
					4D75E90B2CC80A7A002D0FEE = {
						CreatedOnToolsVersion = 13.2.1;
						TestTargetID = 4D7E13A62CC7D7DF003A96AD;
					};
					4D7E13A62CC7D7DF003A96AD = {
						CreatedOnToolsVersion = 13.2.1;
					};
					4D7E13B32CC7D7DF003A96AD = {
						CreatedOnToolsVersion = 13.2.1;
						TestTargetID = 4D7E13A62CC7D7DF003A96AD;
					};
				};
			};
			buildConfigurationList = 4D7E139E2CC7D7DB003A96AD /* Build configuration list for PBXProject "po delu" */;
			compatibilityVersion = "Xcode 13.0";
			developmentRegion = en;
			hasScannedForEncodings = 0;
			knownRegions = (
				en,
				Base,
			);
			mainGroup = 4D7E139A2CC7D7DB003A96AD;
			packageReferences = (
				4D6D2AC62CD122010077B49D /* XCRemoteSwiftPackageReference "FolioReaderKit" */,
				4D6F04272CD174EF009BEFB9 /* XCRemoteSwiftPackageReference "EPUBKit" */,
			);
			productRefGroup = 4D7E13A82CC7D7DF003A96AD /* Products */;
			projectDirPath = "";
			projectRoot = "";
			targets = (
				4D7E13A62CC7D7DF003A96AD /* po delu (iOS) */,
				4D7E13B32CC7D7DF003A96AD /* Tests iOS */,
				4D75E90B2CC80A7A002D0FEE /* po deluUITests */,
			);
		};
/* End PBXProject section */

/* Begin PBXResourcesBuildPhase section */
		4D75E90A2CC80A7A002D0FEE /* Resources */ = {
			isa = PBXResourcesBuildPhase;
			buildActionMask = 2147483647;
			files = (
			);
			runOnlyForDeploymentPostprocessing = 0;
		};
		4D7E13A52CC7D7DF003A96AD /* Resources */ = {
			isa = PBXResourcesBuildPhase;
			buildActionMask = 2147483647;
			files = (
			);
			runOnlyForDeploymentPostprocessing = 0;
		};
		4D7E13B22CC7D7DF003A96AD /* Resources */ = {
			isa = PBXResourcesBuildPhase;
			buildActionMask = 2147483647;
			files = (
			);
			runOnlyForDeploymentPostprocessing = 0;
		};
/* End PBXResourcesBuildPhase section */

/* Begin PBXSourcesBuildPhase section */
		4D75E9082CC80A7A002D0FEE /* Sources */ = {
			isa = PBXSourcesBuildPhase;
			buildActionMask = 2147483647;
			files = (
				4DB5C0E12CCFFCA200A7F855 /* po_deluApp.swift in Sources */,
				4D75E90F2CC80A7A002D0FEE /* po_deluUITests.swift in Sources */,
				4D6F04232CD16DD6009BEFB9 /* BookDetailView.swift in Sources */,
				4DB5C0E52CCFFD0300A7F855 /* ContentView.swift in Sources */,
				4D75E9112CC80A7A002D0FEE /* po_deluUITestsLaunchTests.swift in Sources */,
			);
			runOnlyForDeploymentPostprocessing = 0;
		};
		4D7E13A32CC7D7DF003A96AD /* Sources */ = {
			isa = PBXSourcesBuildPhase;
			buildActionMask = 2147483647;
			files = (
				4D6D2AC92CD136700077B49D /* FileManager.swift in Sources */,
				4DB5C0E32CCFFD0300A7F855 /* ContentView.swift in Sources */,
				4D6D2AA92CD0C99C0077B49D /* LibraryView.swift in Sources */,
				4D6D2AB12CD0CA560077B49D /* Color+Extensions.swift in Sources */,
				4D7400D42CD23751001F44F4 /* ChatView.swift in Sources */,
				4D6D2AA12CD0C9550077B49D /* UserModel.swift in Sources */,
				4D6D2AD12CD15FE90077B49D /* BookModel.swift in Sources */,
				4D6D2AB52CD0CC3C0077B49D /* AppState.swift in Sources */,
				4D6D2AD32CD162B60077B49D /* PDFviewer.swift in Sources */,
				4D6D2AD52CD1672B0077B49D /* FilePicker.swift in Sources */,
				4D7400CD2CD23360001F44F4 /* BookDetailViewModel.swift in Sources */,
				4D6D2AC32CD0EA2C0077B49D /* BookDetailView.swift in Sources */,
				4D6D2AAF2CD0CA3D0077B49D /* DateHelper.swift in Sources */,
				4D6D2AB72CD0CC8D0077B49D /* StartPageView.swift in Sources */,
				4D6D2ACD2CD14A450077B49D /* DocumentPicker.swift in Sources */,
				4D6D2AB92CD0CCB50077B49D /* LoginOrSignUpView.swift in Sources */,
				4D6D2AC12CD0E07F0077B49D /* ReadingGoalsView.swift in Sources */,
				4D7E13C82CC7D7DF003A96AD /* po_deluApp.swift in Sources */,
			);
			runOnlyForDeploymentPostprocessing = 0;
		};
		4D7E13B02CC7D7DF003A96AD /* Sources */ = {
			isa = PBXSourcesBuildPhase;
			buildActionMask = 2147483647;
			files = (
				4D7E13BB2CC7D7DF003A96AD /* Tests_iOSLaunchTests.swift in Sources */,
				4D7E13B92CC7D7DF003A96AD /* Tests_iOS.swift in Sources */,
				4D6F04222CD16DD5009BEFB9 /* BookDetailView.swift in Sources */,
				4DB5C0E42CCFFD0300A7F855 /* ContentView.swift in Sources */,
				4DB5C0E02CCFFCA200A7F855 /* po_deluApp.swift in Sources */,
			);
			runOnlyForDeploymentPostprocessing = 0;
		};
/* End PBXSourcesBuildPhase section */

/* Begin PBXTargetDependency section */
		4D75E9132CC80A7A002D0FEE /* PBXTargetDependency */ = {
			isa = PBXTargetDependency;
			target = 4D7E13A62CC7D7DF003A96AD /* po delu (iOS) */;
			targetProxy = 4D75E9122CC80A7A002D0FEE /* PBXContainerItemProxy */;
		};
		4D7E13B62CC7D7DF003A96AD /* PBXTargetDependency */ = {
			isa = PBXTargetDependency;
			target = 4D7E13A62CC7D7DF003A96AD /* po delu (iOS) */;
			targetProxy = 4D7E13B52CC7D7DF003A96AD /* PBXContainerItemProxy */;
		};
/* End PBXTargetDependency section */

/* Begin XCBuildConfiguration section */
		4D75E9152CC80A7A002D0FEE /* Debug */ = {
			isa = XCBuildConfiguration;
			buildSettings = {
				CODE_SIGN_STYLE = Automatic;
				CURRENT_PROJECT_VERSION = 1;
				GENERATE_INFOPLIST_FILE = YES;
				MARKETING_VERSION = 1.0;
				PRODUCT_BUNDLE_IDENTIFIER = "sir.po-deluUITests";
				PRODUCT_NAME = "$(TARGET_NAME)";
				SDKROOT = iphoneos;
				SWIFT_EMIT_LOC_STRINGS = NO;
				SWIFT_VERSION = 5.0;
				TARGETED_DEVICE_FAMILY = "1,2";
				TEST_TARGET_NAME = "po delu (iOS)";
			};
			name = Debug;
		};
		4D75E9162CC80A7A002D0FEE /* Release */ = {
			isa = XCBuildConfiguration;
			buildSettings = {
				CODE_SIGN_STYLE = Automatic;
				CURRENT_PROJECT_VERSION = 1;
				GENERATE_INFOPLIST_FILE = YES;
				MARKETING_VERSION = 1.0;
				PRODUCT_BUNDLE_IDENTIFIER = "sir.po-deluUITests";
				PRODUCT_NAME = "$(TARGET_NAME)";
				SDKROOT = iphoneos;
				SWIFT_EMIT_LOC_STRINGS = NO;
				SWIFT_VERSION = 5.0;
				TARGETED_DEVICE_FAMILY = "1,2";
				TEST_TARGET_NAME = "po delu (iOS)";
				VALIDATE_PRODUCT = YES;
			};
			name = Release;
		};
		4D7E13CE2CC7D7DF003A96AD /* Debug */ = {
			isa = XCBuildConfiguration;
			buildSettings = {
				ALWAYS_SEARCH_USER_PATHS = NO;
				CLANG_ANALYZER_NONNULL = YES;
				CLANG_ANALYZER_NUMBER_OBJECT_CONVERSION = YES_AGGRESSIVE;
				CLANG_CXX_LANGUAGE_STANDARD = "gnu++17";
				CLANG_CXX_LIBRARY = "libc++";
				CLANG_ENABLE_MODULES = YES;
				CLANG_ENABLE_OBJC_ARC = YES;
				CLANG_ENABLE_OBJC_WEAK = YES;
				CLANG_WARN_BLOCK_CAPTURE_AUTORELEASING = YES;
				CLANG_WARN_BOOL_CONVERSION = YES;
				CLANG_WARN_COMMA = YES;
				CLANG_WARN_CONSTANT_CONVERSION = YES;
				CLANG_WARN_DEPRECATED_OBJC_IMPLEMENTATIONS = YES;
				CLANG_WARN_DIRECT_OBJC_ISA_USAGE = YES_ERROR;
				CLANG_WARN_DOCUMENTATION_COMMENTS = YES;
				CLANG_WARN_EMPTY_BODY = YES;
				CLANG_WARN_ENUM_CONVERSION = YES;
				CLANG_WARN_INFINITE_RECURSION = YES;
				CLANG_WARN_INT_CONVERSION = YES;
				CLANG_WARN_NON_LITERAL_NULL_CONVERSION = YES;
				CLANG_WARN_OBJC_IMPLICIT_RETAIN_SELF = YES;
				CLANG_WARN_OBJC_LITERAL_CONVERSION = YES;
				CLANG_WARN_OBJC_ROOT_CLASS = YES_ERROR;
				CLANG_WARN_QUOTED_INCLUDE_IN_FRAMEWORK_HEADER = YES;
				CLANG_WARN_RANGE_LOOP_ANALYSIS = YES;
				CLANG_WARN_STRICT_PROTOTYPES = YES;
				CLANG_WARN_SUSPICIOUS_MOVE = YES;
				CLANG_WARN_UNGUARDED_AVAILABILITY = YES_AGGRESSIVE;
				CLANG_WARN_UNREACHABLE_CODE = YES;
				CLANG_WARN__DUPLICATE_METHOD_MATCH = YES;
				COPY_PHASE_STRIP = NO;
				DEBUG_INFORMATION_FORMAT = dwarf;
				ENABLE_STRICT_OBJC_MSGSEND = YES;
				ENABLE_TESTABILITY = YES;
				GCC_C_LANGUAGE_STANDARD = gnu11;
				GCC_DYNAMIC_NO_PIC = NO;
				GCC_NO_COMMON_BLOCKS = YES;
				GCC_OPTIMIZATION_LEVEL = 0;
				GCC_PREPROCESSOR_DEFINITIONS = (
					"DEBUG=1",
					"$(inherited)",
				);
				GCC_WARN_64_TO_32_BIT_CONVERSION = YES;
				GCC_WARN_ABOUT_RETURN_TYPE = YES_ERROR;
				GCC_WARN_UNDECLARED_SELECTOR = YES;
				GCC_WARN_UNINITIALIZED_AUTOS = YES_AGGRESSIVE;
				GCC_WARN_UNUSED_FUNCTION = YES;
				GCC_WARN_UNUSED_VARIABLE = YES;
				IPHONEOS_DEPLOYMENT_TARGET = 15.2;
				MTL_ENABLE_DEBUG_INFO = INCLUDE_SOURCE;
				MTL_FAST_MATH = YES;
				ONLY_ACTIVE_ARCH = YES;
				SWIFT_ACTIVE_COMPILATION_CONDITIONS = DEBUG;
				SWIFT_OPTIMIZATION_LEVEL = "-Onone";
			};
			name = Debug;
		};
		4D7E13CF2CC7D7DF003A96AD /* Release */ = {
			isa = XCBuildConfiguration;
			buildSettings = {
				ALWAYS_SEARCH_USER_PATHS = NO;
				CLANG_ANALYZER_NONNULL = YES;
				CLANG_ANALYZER_NUMBER_OBJECT_CONVERSION = YES_AGGRESSIVE;
				CLANG_CXX_LANGUAGE_STANDARD = "gnu++17";
				CLANG_CXX_LIBRARY = "libc++";
				CLANG_ENABLE_MODULES = YES;
				CLANG_ENABLE_OBJC_ARC = YES;
				CLANG_ENABLE_OBJC_WEAK = YES;
				CLANG_WARN_BLOCK_CAPTURE_AUTORELEASING = YES;
				CLANG_WARN_BOOL_CONVERSION = YES;
				CLANG_WARN_COMMA = YES;
				CLANG_WARN_CONSTANT_CONVERSION = YES;
				CLANG_WARN_DEPRECATED_OBJC_IMPLEMENTATIONS = YES;
				CLANG_WARN_DIRECT_OBJC_ISA_USAGE = YES_ERROR;
				CLANG_WARN_DOCUMENTATION_COMMENTS = YES;
				CLANG_WARN_EMPTY_BODY = YES;
				CLANG_WARN_ENUM_CONVERSION = YES;
				CLANG_WARN_INFINITE_RECURSION = YES;
				CLANG_WARN_INT_CONVERSION = YES;
				CLANG_WARN_NON_LITERAL_NULL_CONVERSION = YES;
				CLANG_WARN_OBJC_IMPLICIT_RETAIN_SELF = YES;
				CLANG_WARN_OBJC_LITERAL_CONVERSION = YES;
				CLANG_WARN_OBJC_ROOT_CLASS = YES_ERROR;
				CLANG_WARN_QUOTED_INCLUDE_IN_FRAMEWORK_HEADER = YES;
				CLANG_WARN_RANGE_LOOP_ANALYSIS = YES;
				CLANG_WARN_STRICT_PROTOTYPES = YES;
				CLANG_WARN_SUSPICIOUS_MOVE = YES;
				CLANG_WARN_UNGUARDED_AVAILABILITY = YES_AGGRESSIVE;
				CLANG_WARN_UNREACHABLE_CODE = YES;
				CLANG_WARN__DUPLICATE_METHOD_MATCH = YES;
				COPY_PHASE_STRIP = NO;
				DEBUG_INFORMATION_FORMAT = "dwarf-with-dsym";
				ENABLE_NS_ASSERTIONS = NO;
				ENABLE_STRICT_OBJC_MSGSEND = YES;
				GCC_C_LANGUAGE_STANDARD = gnu11;
				GCC_NO_COMMON_BLOCKS = YES;
				GCC_WARN_64_TO_32_BIT_CONVERSION = YES;
				GCC_WARN_ABOUT_RETURN_TYPE = YES_ERROR;
				GCC_WARN_UNDECLARED_SELECTOR = YES;
				GCC_WARN_UNINITIALIZED_AUTOS = YES_AGGRESSIVE;
				GCC_WARN_UNUSED_FUNCTION = YES;
				GCC_WARN_UNUSED_VARIABLE = YES;
				IPHONEOS_DEPLOYMENT_TARGET = 15.2;
				MTL_ENABLE_DEBUG_INFO = NO;
				MTL_FAST_MATH = YES;
				SWIFT_COMPILATION_MODE = wholemodule;
				SWIFT_OPTIMIZATION_LEVEL = "-O";
			};
			name = Release;
		};
		4D7E13D12CC7D7DF003A96AD /* Debug */ = {
			isa = XCBuildConfiguration;
			buildSettings = {
				ASSETCATALOG_COMPILER_APPICON_NAME = AppIcon;
				ASSETCATALOG_COMPILER_GLOBAL_ACCENT_COLOR_NAME = AccentColor;
				CODE_SIGN_STYLE = Automatic;
				CURRENT_PROJECT_VERSION = 1;
				ENABLE_PREVIEWS = YES;
				GENERATE_INFOPLIST_FILE = YES;
				INFOPLIST_KEY_UIApplicationSceneManifest_Generation = YES;
				INFOPLIST_KEY_UIApplicationSupportsIndirectInputEvents = YES;
				INFOPLIST_KEY_UILaunchScreen_Generation = YES;
				INFOPLIST_KEY_UISupportedInterfaceOrientations_iPad = "UIInterfaceOrientationPortrait UIInterfaceOrientationPortraitUpsideDown UIInterfaceOrientationLandscapeLeft UIInterfaceOrientationLandscapeRight";
				INFOPLIST_KEY_UISupportedInterfaceOrientations_iPhone = "UIInterfaceOrientationPortrait UIInterfaceOrientationLandscapeLeft UIInterfaceOrientationLandscapeRight";
				IPHONEOS_DEPLOYMENT_TARGET = 15.2;
				LD_RUNPATH_SEARCH_PATHS = (
					"$(inherited)",
					"@executable_path/Frameworks",
				);
				MARKETING_VERSION = 1.0;
				PRODUCT_BUNDLE_IDENTIFIER = "sir.po-delu";
				PRODUCT_NAME = "po delu";
				SDKROOT = iphoneos;
				SWIFT_EMIT_LOC_STRINGS = YES;
				SWIFT_VERSION = 5.0;
				TARGETED_DEVICE_FAMILY = "1,2";
			};
			name = Debug;
		};
		4D7E13D22CC7D7DF003A96AD /* Release */ = {
			isa = XCBuildConfiguration;
			buildSettings = {
				ASSETCATALOG_COMPILER_APPICON_NAME = AppIcon;
				ASSETCATALOG_COMPILER_GLOBAL_ACCENT_COLOR_NAME = AccentColor;
				CODE_SIGN_STYLE = Automatic;
				CURRENT_PROJECT_VERSION = 1;
				ENABLE_PREVIEWS = YES;
				GENERATE_INFOPLIST_FILE = YES;
				INFOPLIST_KEY_UIApplicationSceneManifest_Generation = YES;
				INFOPLIST_KEY_UIApplicationSupportsIndirectInputEvents = YES;
				INFOPLIST_KEY_UILaunchScreen_Generation = YES;
				INFOPLIST_KEY_UISupportedInterfaceOrientations_iPad = "UIInterfaceOrientationPortrait UIInterfaceOrientationPortraitUpsideDown UIInterfaceOrientationLandscapeLeft UIInterfaceOrientationLandscapeRight";
				INFOPLIST_KEY_UISupportedInterfaceOrientations_iPhone = "UIInterfaceOrientationPortrait UIInterfaceOrientationLandscapeLeft UIInterfaceOrientationLandscapeRight";
				IPHONEOS_DEPLOYMENT_TARGET = 15.2;
				LD_RUNPATH_SEARCH_PATHS = (
					"$(inherited)",
					"@executable_path/Frameworks",
				);
				MARKETING_VERSION = 1.0;
				PRODUCT_BUNDLE_IDENTIFIER = "sir.po-delu";
				PRODUCT_NAME = "po delu";
				SDKROOT = iphoneos;
				SWIFT_EMIT_LOC_STRINGS = YES;
				SWIFT_VERSION = 5.0;
				TARGETED_DEVICE_FAMILY = "1,2";
				VALIDATE_PRODUCT = YES;
			};
			name = Release;
		};
		4D7E13D72CC7D7DF003A96AD /* Debug */ = {
			isa = XCBuildConfiguration;
			buildSettings = {
				ALWAYS_EMBED_SWIFT_STANDARD_LIBRARIES = YES;
				CODE_SIGN_STYLE = Automatic;
				CURRENT_PROJECT_VERSION = 1;
				GENERATE_INFOPLIST_FILE = YES;
				IPHONEOS_DEPLOYMENT_TARGET = 15.2;
				MARKETING_VERSION = 1.0;
				PRODUCT_BUNDLE_IDENTIFIER = "sir.Tests-iOS";
				PRODUCT_NAME = "$(TARGET_NAME)";
				SDKROOT = iphoneos;
				SWIFT_EMIT_LOC_STRINGS = NO;
				SWIFT_VERSION = 5.0;
				TARGETED_DEVICE_FAMILY = "1,2";
				TEST_TARGET_NAME = "po delu (iOS)";
			};
			name = Debug;
		};
		4D7E13D82CC7D7DF003A96AD /* Release */ = {
			isa = XCBuildConfiguration;
			buildSettings = {
				ALWAYS_EMBED_SWIFT_STANDARD_LIBRARIES = YES;
				CODE_SIGN_STYLE = Automatic;
				CURRENT_PROJECT_VERSION = 1;
				GENERATE_INFOPLIST_FILE = YES;
				IPHONEOS_DEPLOYMENT_TARGET = 15.2;
				MARKETING_VERSION = 1.0;
				PRODUCT_BUNDLE_IDENTIFIER = "sir.Tests-iOS";
				PRODUCT_NAME = "$(TARGET_NAME)";
				SDKROOT = iphoneos;
				SWIFT_EMIT_LOC_STRINGS = NO;
				SWIFT_VERSION = 5.0;
				TARGETED_DEVICE_FAMILY = "1,2";
				TEST_TARGET_NAME = "po delu (iOS)";
				VALIDATE_PRODUCT = YES;
			};
			name = Release;
		};
/* End XCBuildConfiguration section */

/* Begin XCConfigurationList section */
		4D75E9142CC80A7A002D0FEE /* Build configuration list for PBXNativeTarget "po deluUITests" */ = {
			isa = XCConfigurationList;
			buildConfigurations = (
				4D75E9152CC80A7A002D0FEE /* Debug */,
				4D75E9162CC80A7A002D0FEE /* Release */,
			);
			defaultConfigurationIsVisible = 0;
			defaultConfigurationName = Release;
		};
		4D7E139E2CC7D7DB003A96AD /* Build configuration list for PBXProject "po delu" */ = {
			isa = XCConfigurationList;
			buildConfigurations = (
				4D7E13CE2CC7D7DF003A96AD /* Debug */,
				4D7E13CF2CC7D7DF003A96AD /* Release */,
			);
			defaultConfigurationIsVisible = 0;
			defaultConfigurationName = Release;
		};
		4D7E13D02CC7D7DF003A96AD /* Build configuration list for PBXNativeTarget "po delu (iOS)" */ = {
			isa = XCConfigurationList;
			buildConfigurations = (
				4D7E13D12CC7D7DF003A96AD /* Debug */,
				4D7E13D22CC7D7DF003A96AD /* Release */,
			);
			defaultConfigurationIsVisible = 0;
			defaultConfigurationName = Release;
		};
		4D7E13D62CC7D7DF003A96AD /* Build configuration list for PBXNativeTarget "Tests iOS" */ = {
			isa = XCConfigurationList;
			buildConfigurations = (
				4D7E13D72CC7D7DF003A96AD /* Debug */,
				4D7E13D82CC7D7DF003A96AD /* Release */,
			);
			defaultConfigurationIsVisible = 0;
			defaultConfigurationName = Release;
		};
/* End XCConfigurationList section */

/* Begin XCRemoteSwiftPackageReference section */
		4D6D2AC62CD122010077B49D /* XCRemoteSwiftPackageReference "FolioReaderKit" */ = {
			isa = XCRemoteSwiftPackageReference;
			repositoryURL = "https://github.com/FolioReader/FolioReaderKit";
			requirement = {
				kind = upToNextMajorVersion;
				minimumVersion = 1.0.0;
			};
		};
		4D6F04272CD174EF009BEFB9 /* XCRemoteSwiftPackageReference "EPUBKit" */ = {
			isa = XCRemoteSwiftPackageReference;
			repositoryURL = "https://github.com/witekbobrowski/EPUBKit";
			requirement = {
				kind = upToNextMajorVersion;
				minimumVersion = 0.4.0;
			};
		};
/* End XCRemoteSwiftPackageReference section */
	};
	rootObject = 4D7E139B2CC7D7DB003A96AD /* Project object */;
}
